
Microsoft Visual Studio Solution File, Format Version 12.00
# Visual Studio Version 17
VisualStudioVersion = 17.7.34024.191
MinimumVisualStudioVersion = 10.0.40219.1
Project("{9A19103F-16F7-4668-BE54-9A1E7A4F7556}") = "Nucleo.Base", "Base\Nucleo.Base.csproj", "{CA00734C-D832-4A1B-8436-FB37B670A0EA}"
EndProject
Project("{9A19103F-16F7-4668-BE54-9A1E7A4F7556}") = "Nucleo.Data", "Nucleo.Data\Nucleo.Data.csproj", "{D32CEB4C-8E2F-4C89-AD5E-0CA0A2F1EEB4}"
EndProject
Project("{9A19103F-16F7-4668-BE54-9A1E7A4F7556}") = "Nucleo.Operacoes", "Nucleo.Operacoes\Nucleo.Operacoes.csproj", "{08D16523-6E1E-4F4A-88DD-F665BFC3CAB7}"
EndProject
Project("{9A19103F-16F7-4668-BE54-9A1E7A4F7556}") = "Nucleo.Forms", "Nucleo.Forms\Nucleo.Forms.csproj", "{C4B95C74-8D48-413F-B99A-6AD28C3D3475}"
EndProject
Project("{9A19103F-16F7-4668-BE54-9A1E7A4F7556}") = "Nucleo.API.Core", "API\Nucleo.API.Core\Nucleo.API.Core.csproj", "{726A6E2C-15F1-4DD7-98E7-7108C4229653}"
EndProject
Project("{9A19103F-16F7-4668-BE54-9A1E7A4F7556}") = "Nucleo.API", "API\Nucleo.API\Nucleo.API.csproj", "{04FB3E47-7EDC-4056-8383-A91C859A3552}"
EndProject
Project("{9A19103F-16F7-4668-BE54-9A1E7A4F7556}") = "Nucleo.Service", "Nucleo.Service\Nucleo.Service.csproj", "{1962B223-1681-4B83-A279-007CF381C51E}"
EndProject
Project("{9A19103F-16F7-4668-BE54-9A1E7A4F7556}") = "Nucleo.App", "Nucleo.App\Nucleo.App.csproj", "{8D5E2300-EC74-47D2-A620-F8958E82AFB8}"
EndProject
Project("{9A19103F-16F7-4668-BE54-9A1E7A4F7556}") = "SistemaNucleo.Telas", "SistemaNucleo.Telas\SistemaNucleo.Telas.csproj", "{05E54294-6FD3-46F4-9105-C6120789AE37}"
EndProject
Global
	GlobalSection(SolutionConfigurationPlatforms) = preSolution
		Debug|Any CPU = Debug|Any CPU
		Release|Any CPU = Release|Any CPU
	EndGlobalSection
	GlobalSection(ProjectConfigurationPlatforms) = postSolution
		{CA00734C-D832-4A1B-8436-FB37B670A0EA}.Debug|Any CPU.ActiveCfg = Debug|Any CPU
		{CA00734C-D832-4A1B-8436-FB37B670A0EA}.Debug|Any CPU.Build.0 = Debug|Any CPU
		{CA00734C-D832-4A1B-8436-FB37B670A0EA}.Release|Any CPU.ActiveCfg = Release|Any CPU
		{CA00734C-D832-4A1B-8436-FB37B670A0EA}.Release|Any CPU.Build.0 = Release|Any CPU
		{D32CEB4C-8E2F-4C89-AD5E-0CA0A2F1EEB4}.Debug|Any CPU.ActiveCfg = Debug|Any CPU
		{D32CEB4C-8E2F-4C89-AD5E-0CA0A2F1EEB4}.Debug|Any CPU.Build.0 = Debug|Any CPU
		{D32CEB4C-8E2F-4C89-AD5E-0CA0A2F1EEB4}.Release|Any CPU.ActiveCfg = Release|Any CPU
		{D32CEB4C-8E2F-4C89-AD5E-0CA0A2F1EEB4}.Release|Any CPU.Build.0 = Release|Any CPU
		{08D16523-6E1E-4F4A-88DD-F665BFC3CAB7}.Debug|Any CPU.ActiveCfg = Debug|Any CPU
		{08D16523-6E1E-4F4A-88DD-F665BFC3CAB7}.Debug|Any CPU.Build.0 = Debug|Any CPU
		{08D16523-6E1E-4F4A-88DD-F665BFC3CAB7}.Release|Any CPU.ActiveCfg = Release|Any CPU
		{08D16523-6E1E-4F4A-88DD-F665BFC3CAB7}.Release|Any CPU.Build.0 = Release|Any CPU
		{C4B95C74-8D48-413F-B99A-6AD28C3D3475}.Debug|Any CPU.ActiveCfg = Debug|Any CPU
		{C4B95C74-8D48-413F-B99A-6AD28C3D3475}.Debug|Any CPU.Build.0 = Debug|Any CPU
		{C4B95C74-8D48-413F-B99A-6AD28C3D3475}.Release|Any CPU.ActiveCfg = Release|Any CPU
		{C4B95C74-8D48-413F-B99A-6AD28C3D3475}.Release|Any CPU.Build.0 = Release|Any CPU
		{726A6E2C-15F1-4DD7-98E7-7108C4229653}.Debug|Any CPU.ActiveCfg = Debug|Any CPU
		{726A6E2C-15F1-4DD7-98E7-7108C4229653}.Debug|Any CPU.Build.0 = Debug|Any CPU
		{726A6E2C-15F1-4DD7-98E7-7108C4229653}.Release|Any CPU.ActiveCfg = Release|Any CPU
		{726A6E2C-15F1-4DD7-98E7-7108C4229653}.Release|Any CPU.Build.0 = Release|Any CPU
		{04FB3E47-7EDC-4056-8383-A91C859A3552}.Debug|Any CPU.ActiveCfg = Debug|Any CPU
		{04FB3E47-7EDC-4056-8383-A91C859A3552}.Debug|Any CPU.Build.0 = Debug|Any CPU
		{04FB3E47-7EDC-4056-8383-A91C859A3552}.Release|Any CPU.ActiveCfg = Release|Any CPU
		{04FB3E47-7EDC-4056-8383-A91C859A3552}.Release|Any CPU.Build.0 = Release|Any CPU
		{1962B223-1681-4B83-A279-007CF381C51E}.Debug|Any CPU.ActiveCfg = Debug|Any CPU
		{1962B223-1681-4B83-A279-007CF381C51E}.Debug|Any CPU.Build.0 = Debug|Any CPU
		{1962B223-1681-4B83-A279-007CF381C51E}.Release|Any CPU.ActiveCfg = Release|Any CPU
		{1962B223-1681-4B83-A279-007CF381C51E}.Release|Any CPU.Build.0 = Release|Any CPU
		{8D5E2300-EC74-47D2-A620-F8958E82AFB8}.Debug|Any CPU.ActiveCfg = Debug|Any CPU
		{8D5E2300-EC74-47D2-A620-F8958E82AFB8}.Debug|Any CPU.Build.0 = Debug|Any CPU
		{8D5E2300-EC74-47D2-A620-F8958E82AFB8}.Debug|Any CPU.Deploy.0 = Debug|Any CPU
		{8D5E2300-EC74-47D2-A620-F8958E82AFB8}.Release|Any CPU.ActiveCfg = Release|Any CPU
		{8D5E2300-EC74-47D2-A620-F8958E82AFB8}.Release|Any CPU.Build.0 = Release|Any CPU
		{8D5E2300-EC74-47D2-A620-F8958E82AFB8}.Release|Any CPU.Deploy.0 = Release|Any CPU
		{05E54294-6FD3-46F4-9105-C6120789AE37}.Debug|Any CPU.ActiveCfg = Debug|Any CPU
		{05E54294-6FD3-46F4-9105-C6120789AE37}.Debug|Any CPU.Build.0 = Debug|Any CPU
		{05E54294-6FD3-46F4-9105-C6120789AE37}.Release|Any CPU.ActiveCfg = Release|Any CPU
		{05E54294-6FD3-46F4-9105-C6120789AE37}.Release|Any CPU.Build.0 = Release|Any CPU
	EndGlobalSection
	GlobalSection(SolutionProperties) = preSolution
		HideSolutionNode = FALSE
	EndGlobalSection
	GlobalSection(ExtensibilityGlobals) = postSolution
		SolutionGuid = {6DBE59F8-ED49-4166-B30E-FDE9886D63C1}
	EndGlobalSection
EndGlobal
